
Microsoft Visual Studio Solution File, Format Version 12.00
# Visual Studio 15
VisualStudioVersion = 15.0.28307.572
MinimumVisualStudioVersion = 10.0.40219.1
Project("{FAE04EC0-301F-11D3-BF4B-00C04F79EFBC}") = "DesignPrinciples", "DesignPrinciples\DesignPrinciples.csproj", "{205FBDBE-6975-46CE-9E8C-20525925B427}"
EndProject
Global
	GlobalSection(SolutionConfigurationPlatforms) = preSolution
		Debug|Any CPU = Debug|Any CPU
		Release|Any CPU = Release|Any CPU
	EndGlobalSection
	GlobalSection(ProjectConfigurationPlatforms) = postSolution
		{205FBDBE-6975-46CE-9E8C-20525925B427}.Debug|Any CPU.ActiveCfg = Debug|Any CPU
		{205FBDBE-6975-46CE-9E8C-20525925B427}.Debug|Any CPU.Build.0 = Debug|Any CPU
		{205FBDBE-6975-46CE-9E8C-20525925B427}.Release|Any CPU.ActiveCfg = Release|Any CPU
		{205FBDBE-6975-46CE-9E8C-20525925B427}.Release|Any CPU.Build.0 = Release|Any CPU
	EndGlobalSection
	GlobalSection(SolutionProperties) = preSolution
		HideSolutionNode = FALSE
	EndGlobalSection
	GlobalSection(ExtensibilityGlobals) = postSolution
		SolutionGuid = {426A9A65-ABDC-4686-868A-4B01882FE738}
	EndGlobalSection
EndGlobal
